{
  "version": 4,
  "terraform_version": "1.7.0",
  "serial": 29,
  "lineage": "75871a10-3af2-608e-8426-ce1e95229377",
  "outputs": {},
  "resources": [
    {
      "mode": "managed",
      "type": "azurerm_resource_group",
      "name": "rg",
      "provider": "provider[\"registry.terraform.io/hashicorp/azurerm\"]",
      "instances": [
        {
          "schema_version": 0,
          "attributes": {
            "id": "/subscriptions/738384b4-b096-477c-967f-0737aa9b673a/resourceGroups/rg-19llaqql",
            "location": "eastus",
            "managed_by": "",
            "name": "rg-19llaqql",
            "tags": {},
            "timeouts": null
          },
          "sensitive_attributes": [],
          "private": "eyJlMmJmYjczMC1lY2FhLTExZTYtOGY4OC0zNDM2M2JjN2M0YzAiOnsiY3JlYXRlIjo1NDAwMDAwMDAwMDAwLCJkZWxldGUiOjU0MDAwMDAwMDAwMDAsInJlYWQiOjMwMDAwMDAwMDAwMCwidXBkYXRlIjo1NDAwMDAwMDAwMDAwfX0=",
          "dependencies": [
            "random_string.value"
          ]
        }
      ]
    },
    {
      "mode": "managed",
      "type": "random_string",
      "name": "value",
      "provider": "provider[\"registry.terraform.io/hashicorp/random\"]",
      "instances": [
        {
          "schema_version": 2,
          "attributes": {
            "id": "19llaqql",
            "keepers": null,
            "length": 8,
            "lower": true,
            "min_lower": 0,
            "min_numeric": 0,
            "min_special": 0,
            "min_upper": 0,
            "number": true,
            "numeric": true,
            "override_special": null,
            "result": "19llaqql",
            "special": false,
            "upper": false
          },
          "sensitive_attributes": []
        }
      ]
    },
    {
      "module": "module.ai",
      "mode": "managed",
      "type": "azurerm_cognitive_account",
      "name": "account",
      "provider": "module.ai.provider[\"registry.terraform.io/hashicorp/azurerm\"]",
      "instances": [
        {
          "schema_version": 0,
          "attributes": {
            "custom_question_answering_search_service_id": null,
            "custom_question_answering_search_service_key": null,
            "custom_subdomain_name": "",
            "customer_managed_key": [],
            "dynamic_throttling_enabled": false,
            "endpoint": "https://eastus.api.cognitive.microsoft.com/",
            "fqdns": [],
            "id": "/subscriptions/738384b4-b096-477c-967f-0737aa9b673a/resourceGroups/rg-19llaqql/providers/Microsoft.CognitiveServices/accounts/rg-19llaqql-Openai",
            "identity": [],
            "kind": "OpenAI",
            "local_auth_enabled": true,
            "location": "eastus",
            "metrics_advisor_aad_client_id": null,
            "metrics_advisor_aad_tenant_id": null,
            "metrics_advisor_super_user_name": null,
            "metrics_advisor_website_name": null,
            "name": "rg-19llaqql-Openai",
            "network_acls": [],
            "outbound_network_access_restricted": false,
            "primary_access_key": "7e2043db2f2a43149ffd1485e2ec75dd",
            "public_network_access_enabled": true,
            "qna_runtime_endpoint": null,
            "resource_group_name": "rg-19llaqql",
            "secondary_access_key": "2fcaef60229e4c17aef3fe5f7768ff1e",
            "sku_name": "S0",
            "storage": [],
            "tags": {},
            "timeouts": null
          },
          "sensitive_attributes": [],
          "private": "eyJlMmJmYjczMC1lY2FhLTExZTYtOGY4OC0zNDM2M2JjN2M0YzAiOnsiY3JlYXRlIjoxODAwMDAwMDAwMDAwLCJkZWxldGUiOjE4MDAwMDAwMDAwMDAsInJlYWQiOjMwMDAwMDAwMDAwMCwidXBkYXRlIjoxODAwMDAwMDAwMDAwfX0=",
          "dependencies": [
            "azurerm_resource_group.rg",
            "random_string.value"
          ]
        }
      ]
    },
    {
      "module": "module.ai",
      "mode": "managed",
      "type": "azurerm_cognitive_deployment",
      "name": "deployment1",
      "provider": "module.ai.provider[\"registry.terraform.io/hashicorp/azurerm\"]",
      "instances": [
        {
          "schema_version": 0,
          "attributes": {
            "cognitive_account_id": "/subscriptions/738384b4-b096-477c-967f-0737aa9b673a/resourceGroups/rg-19llaqql/providers/Microsoft.CognitiveServices/accounts/rg-19llaqql-Openai",
            "id": "/subscriptions/738384b4-b096-477c-967f-0737aa9b673a/resourceGroups/rg-19llaqql/providers/Microsoft.CognitiveServices/accounts/rg-19llaqql-Openai/deployments/gpt-35-turbo",
            "model": [
              {
                "format": "OpenAI",
                "name": "gpt-35-turbo",
                "version": "0301"
              }
            ],
            "name": "gpt-35-turbo",
            "rai_policy_name": "",
            "scale": [
              {
                "capacity": 1,
                "family": "",
                "size": "",
                "tier": "",
                "type": "Standard"
              }
            ],
            "timeouts": null,
            "version_upgrade_option": "OnceNewDefaultVersionAvailable"
          },
          "sensitive_attributes": [],
          "private": "eyJlMmJmYjczMC1lY2FhLTExZTYtOGY4OC0zNDM2M2JjN2M0YzAiOnsiY3JlYXRlIjoxODAwMDAwMDAwMDAwLCJkZWxldGUiOjE4MDAwMDAwMDAwMDAsInJlYWQiOjMwMDAwMDAwMDAwMCwidXBkYXRlIjoxODAwMDAwMDAwMDAwfX0=",
          "dependencies": [
            "azurerm_resource_group.rg",
            "module.ai.azurerm_cognitive_account.account",
            "random_string.value"
          ]
        }
      ]
    },
    {
      "module": "module.ai",
      "mode": "managed",
      "type": "azurerm_cognitive_deployment",
      "name": "deployment2",
      "provider": "module.ai.provider[\"registry.terraform.io/hashicorp/azurerm\"]",
      "instances": [
        {
          "schema_version": 0,
          "attributes": {
            "cognitive_account_id": "/subscriptions/738384b4-b096-477c-967f-0737aa9b673a/resourceGroups/rg-19llaqql/providers/Microsoft.CognitiveServices/accounts/rg-19llaqql-Openai",
            "id": "/subscriptions/738384b4-b096-477c-967f-0737aa9b673a/resourceGroups/rg-19llaqql/providers/Microsoft.CognitiveServices/accounts/rg-19llaqql-Openai/deployments/gpt-35-turbo-16k",
            "model": [
              {
                "format": "OpenAI",
                "name": "gpt-35-turbo-16k",
                "version": "0613"
              }
            ],
            "name": "gpt-35-turbo-16k",
            "rai_policy_name": "",
            "scale": [
              {
                "capacity": 1,
                "family": "",
                "size": "",
                "tier": "",
                "type": "Standard"
              }
            ],
            "timeouts": null,
            "version_upgrade_option": "OnceNewDefaultVersionAvailable"
          },
          "sensitive_attributes": [],
          "private": "eyJlMmJmYjczMC1lY2FhLTExZTYtOGY4OC0zNDM2M2JjN2M0YzAiOnsiY3JlYXRlIjoxODAwMDAwMDAwMDAwLCJkZWxldGUiOjE4MDAwMDAwMDAwMDAsInJlYWQiOjMwMDAwMDAwMDAwMCwidXBkYXRlIjoxODAwMDAwMDAwMDAwfX0=",
          "dependencies": [
            "azurerm_resource_group.rg",
            "module.ai.azurerm_cognitive_account.account",
            "random_string.value"
          ]
        }
      ]
    },
    {
      "module": "module.ai",
      "mode": "managed",
      "type": "azurerm_cognitive_deployment",
      "name": "deployment3",
      "provider": "module.ai.provider[\"registry.terraform.io/hashicorp/azurerm\"]",
      "instances": [
        {
          "schema_version": 0,
          "attributes": {
            "cognitive_account_id": "/subscriptions/738384b4-b096-477c-967f-0737aa9b673a/resourceGroups/rg-19llaqql/providers/Microsoft.CognitiveServices/accounts/rg-19llaqql-Openai",
            "id": "/subscriptions/738384b4-b096-477c-967f-0737aa9b673a/resourceGroups/rg-19llaqql/providers/Microsoft.CognitiveServices/accounts/rg-19llaqql-Openai/deployments/gpt-35-turbo-instruct",
            "model": [
              {
                "format": "OpenAI",
                "name": "gpt-35-turbo-instruct",
                "version": "0914"
              }
            ],
            "name": "gpt-35-turbo-instruct",
            "rai_policy_name": "",
            "scale": [
              {
                "capacity": 1,
                "family": "",
                "size": "",
                "tier": "",
                "type": "Standard"
              }
            ],
            "timeouts": null,
            "version_upgrade_option": "OnceNewDefaultVersionAvailable"
          },
          "sensitive_attributes": [],
          "private": "eyJlMmJmYjczMC1lY2FhLTExZTYtOGY4OC0zNDM2M2JjN2M0YzAiOnsiY3JlYXRlIjoxODAwMDAwMDAwMDAwLCJkZWxldGUiOjE4MDAwMDAwMDAwMDAsInJlYWQiOjMwMDAwMDAwMDAwMCwidXBkYXRlIjoxODAwMDAwMDAwMDAwfX0=",
          "dependencies": [
            "azurerm_resource_group.rg",
            "module.ai.azurerm_cognitive_account.account",
            "random_string.value"
          ]
        }
      ]
    },
    {
      "module": "module.ai",
      "mode": "managed",
      "type": "azurerm_cognitive_deployment",
      "name": "embedding1",
      "provider": "module.ai.provider[\"registry.terraform.io/hashicorp/azurerm\"]",
      "instances": [
        {
          "schema_version": 0,
          "attributes": {
            "cognitive_account_id": "/subscriptions/738384b4-b096-477c-967f-0737aa9b673a/resourceGroups/rg-19llaqql/providers/Microsoft.CognitiveServices/accounts/rg-19llaqql-Openai",
            "id": "/subscriptions/738384b4-b096-477c-967f-0737aa9b673a/resourceGroups/rg-19llaqql/providers/Microsoft.CognitiveServices/accounts/rg-19llaqql-Openai/deployments/text-embedding-ada-002",
            "model": [
              {
                "format": "OpenAI",
                "name": "text-embedding-ada-002",
                "version": "2"
              }
            ],
            "name": "text-embedding-ada-002",
            "rai_policy_name": "",
            "scale": [
              {
                "capacity": 1,
                "family": "",
                "size": "",
                "tier": "",
                "type": "Standard"
              }
            ],
            "timeouts": null,
            "version_upgrade_option": "OnceNewDefaultVersionAvailable"
          },
          "sensitive_attributes": [],
          "private": "eyJlMmJmYjczMC1lY2FhLTExZTYtOGY4OC0zNDM2M2JjN2M0YzAiOnsiY3JlYXRlIjoxODAwMDAwMDAwMDAwLCJkZWxldGUiOjE4MDAwMDAwMDAwMDAsInJlYWQiOjMwMDAwMDAwMDAwMCwidXBkYXRlIjoxODAwMDAwMDAwMDAwfX0=",
          "dependencies": [
            "azurerm_resource_group.rg",
            "module.ai.azurerm_cognitive_account.account",
            "random_string.value"
          ]
        }
      ]
    }
  ],
  "check_results": null
}
